
Microsoft Visual Studio Solution File, Format Version 12.00
# Visual Studio Version 17
VisualStudioVersion = 17.11.35312.102
MinimumVisualStudioVersion = 10.0.40219.1
Project("{FAE04EC0-301F-11D3-BF4B-00C04F79EFBC}") = "Bank.Presentation", "SimpleBank\Bank.Presentation.csproj", "{7C353DD7-7818-4B68-86A3-3285733963A9}"
EndProject
Project("{FAE04EC0-301F-11D3-BF4B-00C04F79EFBC}") = "Bank.Entities", "UserBank.Entities\Bank.Entities.csproj", "{17B89036-BD72-4DE6-9531-938480B01713}"
EndProject
Project("{FAE04EC0-301F-11D3-BF4B-00C04F79EFBC}") = "Bank.DataAccessLayer", "Bank.DataAccessLayer\Bank.DataAccessLayer.csproj", "{F031E519-9082-4135-A8BD-3C9B3A29D6DD}"
EndProject
Project("{FAE04EC0-301F-11D3-BF4B-00C04F79EFBC}") = "Bank.BusinessLogicLayer", "Bank.BusinessLogicLayer\Bank.BusinessLogicLayer.csproj", "{30DCC00E-802C-4B8B-98DC-E1D44C88DAC0}"
EndProject
Project("{FAE04EC0-301F-11D3-BF4B-00C04F79EFBC}") = "Bank.Configuration", "Bank.Configuration\Bank.Configuration.csproj", "{46854CD5-4696-49AC-B5D4-0A3528285E12}"
EndProject
Project("{FAE04EC0-301F-11D3-BF4B-00C04F79EFBC}") = "Bank.Exceptions", "Bank.Exceptions\Bank.Exceptions.csproj", "{C7954F1F-292D-40EF-B1D8-4B1ED316239A}"
EndProject
Global
	GlobalSection(SolutionConfigurationPlatforms) = preSolution
		Debug|Any CPU = Debug|Any CPU
		Release|Any CPU = Release|Any CPU
	EndGlobalSection
	GlobalSection(ProjectConfigurationPlatforms) = postSolution
		{7C353DD7-7818-4B68-86A3-3285733963A9}.Debug|Any CPU.ActiveCfg = Debug|Any CPU
		{7C353DD7-7818-4B68-86A3-3285733963A9}.Debug|Any CPU.Build.0 = Debug|Any CPU
		{7C353DD7-7818-4B68-86A3-3285733963A9}.Release|Any CPU.ActiveCfg = Release|Any CPU
		{7C353DD7-7818-4B68-86A3-3285733963A9}.Release|Any CPU.Build.0 = Release|Any CPU
		{17B89036-BD72-4DE6-9531-938480B01713}.Debug|Any CPU.ActiveCfg = Debug|Any CPU
		{17B89036-BD72-4DE6-9531-938480B01713}.Debug|Any CPU.Build.0 = Debug|Any CPU
		{17B89036-BD72-4DE6-9531-938480B01713}.Release|Any CPU.ActiveCfg = Release|Any CPU
		{17B89036-BD72-4DE6-9531-938480B01713}.Release|Any CPU.Build.0 = Release|Any CPU
		{F031E519-9082-4135-A8BD-3C9B3A29D6DD}.Debug|Any CPU.ActiveCfg = Debug|Any CPU
		{F031E519-9082-4135-A8BD-3C9B3A29D6DD}.Debug|Any CPU.Build.0 = Debug|Any CPU
		{F031E519-9082-4135-A8BD-3C9B3A29D6DD}.Release|Any CPU.ActiveCfg = Release|Any CPU
		{F031E519-9082-4135-A8BD-3C9B3A29D6DD}.Release|Any CPU.Build.0 = Release|Any CPU
		{30DCC00E-802C-4B8B-98DC-E1D44C88DAC0}.Debug|Any CPU.ActiveCfg = Debug|Any CPU
		{30DCC00E-802C-4B8B-98DC-E1D44C88DAC0}.Debug|Any CPU.Build.0 = Debug|Any CPU
		{30DCC00E-802C-4B8B-98DC-E1D44C88DAC0}.Release|Any CPU.ActiveCfg = Release|Any CPU
		{30DCC00E-802C-4B8B-98DC-E1D44C88DAC0}.Release|Any CPU.Build.0 = Release|Any CPU
		{46854CD5-4696-49AC-B5D4-0A3528285E12}.Debug|Any CPU.ActiveCfg = Debug|Any CPU
		{46854CD5-4696-49AC-B5D4-0A3528285E12}.Debug|Any CPU.Build.0 = Debug|Any CPU
		{46854CD5-4696-49AC-B5D4-0A3528285E12}.Release|Any CPU.ActiveCfg = Release|Any CPU
		{46854CD5-4696-49AC-B5D4-0A3528285E12}.Release|Any CPU.Build.0 = Release|Any CPU
		{C7954F1F-292D-40EF-B1D8-4B1ED316239A}.Debug|Any CPU.ActiveCfg = Debug|Any CPU
		{C7954F1F-292D-40EF-B1D8-4B1ED316239A}.Debug|Any CPU.Build.0 = Debug|Any CPU
		{C7954F1F-292D-40EF-B1D8-4B1ED316239A}.Release|Any CPU.ActiveCfg = Release|Any CPU
		{C7954F1F-292D-40EF-B1D8-4B1ED316239A}.Release|Any CPU.Build.0 = Release|Any CPU
	EndGlobalSection
	GlobalSection(SolutionProperties) = preSolution
		HideSolutionNode = FALSE
	EndGlobalSection
	GlobalSection(ExtensibilityGlobals) = postSolution
		SolutionGuid = {F3FBE641-3A52-4F30-96A2-2FA3E9BE6990}
	EndGlobalSection
EndGlobal
